
Microsoft Visual Studio Solution File, Format Version 12.00
# Visual Studio Version 16
VisualStudioVersion = 16.0.29728.190
MinimumVisualStudioVersion = 10.0.40219.1
Project("{FAE04EC0-301F-11D3-BF4B-00C04F79EFBC}") = "EmailPreviewThing", "EmailPreviewThing\EmailPreviewThing.csproj", "{D6E7333D-F59C-462C-8356-59A4C1D12978}"
EndProject
Global
	GlobalSection(SolutionConfigurationPlatforms) = preSolution
		Debug|Any CPU = Debug|Any CPU
		Release|Any CPU = Release|Any CPU
	EndGlobalSection
	GlobalSection(ProjectConfigurationPlatforms) = postSolution
		{D6E7333D-F59C-462C-8356-59A4C1D12978}.Debug|Any CPU.ActiveCfg = Debug|Any CPU
		{D6E7333D-F59C-462C-8356-59A4C1D12978}.Debug|Any CPU.Build.0 = Debug|Any CPU
		{D6E7333D-F59C-462C-8356-59A4C1D12978}.Release|Any CPU.ActiveCfg = Release|Any CPU
		{D6E7333D-F59C-462C-8356-59A4C1D12978}.Release|Any CPU.Build.0 = Release|Any CPU
	EndGlobalSection
	GlobalSection(SolutionProperties) = preSolution
		HideSolutionNode = FALSE
	EndGlobalSection
	GlobalSection(ExtensibilityGlobals) = postSolution
		SolutionGuid = {A62DE45A-EE17-44B1-976A-C2D28BB0C313}
	EndGlobalSection
EndGlobal
